// !$*UTF8*$!
{
	archiveVersion = 1;
	classes = {
	};
	objectVersion = 56;
	objects = {

/* Begin PBXBuildFile section */
		696FDA1D2C740D5300A5761A /* TestWeatherAppApp.swift in Sources */ = {isa = PBXBuildFile; fileRef = 696FDA1C2C740D5300A5761A /* TestWeatherAppApp.swift */; };
		696FDA1F2C740D5300A5761A /* WeatherContainerView.swift in Sources */ = {isa = PBXBuildFile; fileRef = 696FDA1E2C740D5300A5761A /* WeatherContainerView.swift */; };
		696FDA212C740D5500A5761A /* Assets.xcassets in Resources */ = {isa = PBXBuildFile; fileRef = 696FDA202C740D5500A5761A /* Assets.xcassets */; };
		696FDA242C740D5500A5761A /* Preview Assets.xcassets in Resources */ = {isa = PBXBuildFile; fileRef = 696FDA232C740D5500A5761A /* Preview Assets.xcassets */; };
		696FDA2C2C74185A00A5761A /* LocationRouter.swift in Sources */ = {isa = PBXBuildFile; fileRef = 696FDA2B2C74185A00A5761A /* LocationRouter.swift */; };
		696FDA2F2C741C0200A5761A /* TopTierView.swift in Sources */ = {isa = PBXBuildFile; fileRef = 696FDA2E2C741C0200A5761A /* TopTierView.swift */; };
		696FDA312C74278900A5761A /* TransitioningView.swift in Sources */ = {isa = PBXBuildFile; fileRef = 696FDA302C74278900A5761A /* TransitioningView.swift */; };
		696FDA332C742CA700A5761A /* WeatherUtility.swift in Sources */ = {isa = PBXBuildFile; fileRef = 696FDA322C742CA700A5761A /* WeatherUtility.swift */; };
		696FDA372C74405200A5761A /* SecondTierView.swift in Sources */ = {isa = PBXBuildFile; fileRef = 696FDA362C74405200A5761A /* SecondTierView.swift */; };
		696FDA392C74413900A5761A /* SampleDataModel.swift in Sources */ = {isa = PBXBuildFile; fileRef = 696FDA382C74413900A5761A /* SampleDataModel.swift */; };
		696FDA3D2C7441E500A5761A /* SampleData in Resources */ = {isa = PBXBuildFile; fileRef = 696FDA3C2C7441E500A5761A /* SampleData */; };
		696FDA412C7443E900A5761A /* Utilities+EXT.swift in Sources */ = {isa = PBXBuildFile; fileRef = 696FDA402C7443E900A5761A /* Utilities+EXT.swift */; };
		696FDA432C74494800A5761A /* WeatherDetailsViewComponent.swift in Sources */ = {isa = PBXBuildFile; fileRef = 696FDA422C74494800A5761A /* WeatherDetailsViewComponent.swift */; };
		696FDA4C2C75176700A5761A /* SearchToolView.swift in Sources */ = {isa = PBXBuildFile; fileRef = 696FDA4B2C75176700A5761A /* SearchToolView.swift */; };
		696FDA522C7679B800A5761A /* IconGrabberView.swift in Sources */ = {isa = PBXBuildFile; fileRef = 696FDA512C7679B800A5761A /* IconGrabberView.swift */; };
		696FDA592C76E9AA00A5761A /* DataParserModel.swift in Sources */ = {isa = PBXBuildFile; fileRef = 696FDA582C76E9AA00A5761A /* DataParserModel.swift */; };
		696FDA5B2C76EE1500A5761A /* SettingsTierView.swift in Sources */ = {isa = PBXBuildFile; fileRef = 696FDA5A2C76EE1500A5761A /* SettingsTierView.swift */; };
		696FDA5E2C7775CC00A5761A /* SettingsModal.swift in Sources */ = {isa = PBXBuildFile; fileRef = 696FDA5D2C7775CC00A5761A /* SettingsModal.swift */; };
		697DA9AC2C7CECF500BF071C /* clientSecret.json in Resources */ = {isa = PBXBuildFile; fileRef = 697DA9AB2C7CECF500BF071C /* clientSecret.json */; };
/* End PBXBuildFile section */

/* Begin PBXFileReference section */
		696FDA192C740D5300A5761A /* TestWeatherApp.app */ = {isa = PBXFileReference; explicitFileType = wrapper.application; includeInIndex = 0; path = TestWeatherApp.app; sourceTree = BUILT_PRODUCTS_DIR; };
		696FDA1C2C740D5300A5761A /* TestWeatherAppApp.swift */ = {isa = PBXFileReference; lastKnownFileType = sourcecode.swift; path = TestWeatherAppApp.swift; sourceTree = "<group>"; };
		696FDA1E2C740D5300A5761A /* WeatherContainerView.swift */ = {isa = PBXFileReference; lastKnownFileType = sourcecode.swift; path = WeatherContainerView.swift; sourceTree = "<group>"; };
		696FDA202C740D5500A5761A /* Assets.xcassets */ = {isa = PBXFileReference; lastKnownFileType = folder.assetcatalog; path = Assets.xcassets; sourceTree = "<group>"; };
		696FDA232C740D5500A5761A /* Preview Assets.xcassets */ = {isa = PBXFileReference; lastKnownFileType = folder.assetcatalog; path = "Preview Assets.xcassets"; sourceTree = "<group>"; };
		696FDA2B2C74185A00A5761A /* LocationRouter.swift */ = {isa = PBXFileReference; lastKnownFileType = sourcecode.swift; path = LocationRouter.swift; sourceTree = "<group>"; };
		696FDA2E2C741C0200A5761A /* TopTierView.swift */ = {isa = PBXFileReference; lastKnownFileType = sourcecode.swift; path = TopTierView.swift; sourceTree = "<group>"; };
		696FDA302C74278900A5761A /* TransitioningView.swift */ = {isa = PBXFileReference; lastKnownFileType = sourcecode.swift; path = TransitioningView.swift; sourceTree = "<group>"; };
		696FDA322C742CA700A5761A /* WeatherUtility.swift */ = {isa = PBXFileReference; lastKnownFileType = sourcecode.swift; path = WeatherUtility.swift; sourceTree = "<group>"; };
		696FDA362C74405200A5761A /* SecondTierView.swift */ = {isa = PBXFileReference; lastKnownFileType = sourcecode.swift; path = SecondTierView.swift; sourceTree = "<group>"; };
		696FDA382C74413900A5761A /* SampleDataModel.swift */ = {isa = PBXFileReference; lastKnownFileType = sourcecode.swift; path = SampleDataModel.swift; sourceTree = "<group>"; };
		696FDA3C2C7441E500A5761A /* SampleData */ = {isa = PBXFileReference; lastKnownFileType = text; path = SampleData; sourceTree = "<group>"; };
		696FDA402C7443E900A5761A /* Utilities+EXT.swift */ = {isa = PBXFileReference; lastKnownFileType = sourcecode.swift; path = "Utilities+EXT.swift"; sourceTree = "<group>"; };
		696FDA422C74494800A5761A /* WeatherDetailsViewComponent.swift */ = {isa = PBXFileReference; lastKnownFileType = sourcecode.swift; path = WeatherDetailsViewComponent.swift; sourceTree = "<group>"; };
		696FDA4A2C74517C00A5761A /* Info.plist */ = {isa = PBXFileReference; lastKnownFileType = text.plist; path = Info.plist; sourceTree = "<group>"; };
		696FDA4B2C75176700A5761A /* SearchToolView.swift */ = {isa = PBXFileReference; lastKnownFileType = sourcecode.swift; path = SearchToolView.swift; sourceTree = "<group>"; };
		696FDA512C7679B800A5761A /* IconGrabberView.swift */ = {isa = PBXFileReference; lastKnownFileType = sourcecode.swift; path = IconGrabberView.swift; sourceTree = "<group>"; };
		696FDA582C76E9AA00A5761A /* DataParserModel.swift */ = {isa = PBXFileReference; lastKnownFileType = sourcecode.swift; path = DataParserModel.swift; sourceTree = "<group>"; };
		696FDA5A2C76EE1500A5761A /* SettingsTierView.swift */ = {isa = PBXFileReference; lastKnownFileType = sourcecode.swift; path = SettingsTierView.swift; sourceTree = "<group>"; };
		696FDA5D2C7775CC00A5761A /* SettingsModal.swift */ = {isa = PBXFileReference; lastKnownFileType = sourcecode.swift; path = SettingsModal.swift; sourceTree = "<group>"; };
		697DA9AB2C7CECF500BF071C /* clientSecret.json */ = {isa = PBXFileReference; lastKnownFileType = text.json; path = clientSecret.json; sourceTree = "<group>"; };
/* End PBXFileReference section */

/* Begin PBXFrameworksBuildPhase section */
		696FDA162C740D5300A5761A /* Frameworks */ = {
			isa = PBXFrameworksBuildPhase;
			buildActionMask = 2147483647;
			files = (
			);
			runOnlyForDeploymentPostprocessing = 0;
		};
/* End PBXFrameworksBuildPhase section */

/* Begin PBXGroup section */
		696FDA102C740D5300A5761A = {
			isa = PBXGroup;
			children = (
				697DA9AB2C7CECF500BF071C /* clientSecret.json */,
				696FDA1B2C740D5300A5761A /* TestWeatherApp */,
				696FDA1A2C740D5300A5761A /* Products */,
			);
			sourceTree = "<group>";
		};
		696FDA1A2C740D5300A5761A /* Products */ = {
			isa = PBXGroup;
			children = (
				696FDA192C740D5300A5761A /* TestWeatherApp.app */,
			);
			name = Products;
			sourceTree = "<group>";
		};
		696FDA1B2C740D5300A5761A /* TestWeatherApp */ = {
			isa = PBXGroup;
			children = (
				697DA9AA2C7CE96D00BF071C /* Utillity */,
				697DA9A92C7CE92100BF071C /* APIHandler */,
				696FDA5C2C7775A700A5761A /* DataModels */,
				697DA9A82C7CE74200BF071C /* Views */,
				696FDA2D2C741BC000A5761A /* ViewTiers */,
				696FDA2A2C74182900A5761A /* Routers */,
				696FDA1C2C740D5300A5761A /* TestWeatherAppApp.swift */,
				696FDA4A2C74517C00A5761A /* Info.plist */,
				696FDA202C740D5500A5761A /* Assets.xcassets */,
				696FDA222C740D5500A5761A /* Preview Content */,
			);
			path = TestWeatherApp;
			sourceTree = "<group>";
		};
		696FDA222C740D5500A5761A /* Preview Content */ = {
			isa = PBXGroup;
			children = (
				696FDA232C740D5500A5761A /* Preview Assets.xcassets */,
				696FDA382C74413900A5761A /* SampleDataModel.swift */,
				696FDA3C2C7441E500A5761A /* SampleData */,
			);
			path = "Preview Content";
			sourceTree = "<group>";
		};
		696FDA2A2C74182900A5761A /* Routers */ = {
			isa = PBXGroup;
			children = (
				696FDA2B2C74185A00A5761A /* LocationRouter.swift */,
			);
			path = Routers;
			sourceTree = "<group>";
		};
		696FDA2D2C741BC000A5761A /* ViewTiers */ = {
			isa = PBXGroup;
			children = (
				696FDA2E2C741C0200A5761A /* TopTierView.swift */,
				696FDA362C74405200A5761A /* SecondTierView.swift */,
				696FDA5A2C76EE1500A5761A /* SettingsTierView.swift */,
			);
			path = ViewTiers;
			sourceTree = "<group>";
		};
		696FDA5C2C7775A700A5761A /* DataModels */ = {
			isa = PBXGroup;
			children = (
				696FDA5D2C7775CC00A5761A /* SettingsModal.swift */,
				696FDA582C76E9AA00A5761A /* DataParserModel.swift */,
			);
			path = DataModels;
			sourceTree = "<group>";
		};
		697DA9A82C7CE74200BF071C /* Views */ = {
			isa = PBXGroup;
			children = (
				696FDA1E2C740D5300A5761A /* WeatherContainerView.swift */,
				696FDA302C74278900A5761A /* TransitioningView.swift */,
				696FDA422C74494800A5761A /* WeatherDetailsViewComponent.swift */,
				696FDA4B2C75176700A5761A /* SearchToolView.swift */,
				696FDA512C7679B800A5761A /* IconGrabberView.swift */,
			);
			path = Views;
			sourceTree = "<group>";
		};
		697DA9A92C7CE92100BF071C /* APIHandler */ = {
			isa = PBXGroup;
			children = (
				696FDA322C742CA700A5761A /* WeatherUtility.swift */,
			);
			path = APIHandler;
			sourceTree = "<group>";
		};
		697DA9AA2C7CE96D00BF071C /* Utillity */ = {
			isa = PBXGroup;
			children = (
				696FDA402C7443E900A5761A /* Utilities+EXT.swift */,
			);
			path = Utillity;
			sourceTree = "<group>";
		};
/* End PBXGroup section */

/* Begin PBXNativeTarget section */
		696FDA182C740D5300A5761A /* TestWeatherApp */ = {
			isa = PBXNativeTarget;
			buildConfigurationList = 696FDA272C740D5500A5761A /* Build configuration list for PBXNativeTarget "TestWeatherApp" */;
			buildPhases = (
				696FDA152C740D5300A5761A /* Sources */,
				696FDA162C740D5300A5761A /* Frameworks */,
				696FDA172C740D5300A5761A /* Resources */,
			);
			buildRules = (
			);
			dependencies = (
			);
			name = TestWeatherApp;
			packageProductDependencies = (
			);
			productName = TestWeatherApp;
			productReference = 696FDA192C740D5300A5761A /* TestWeatherApp.app */;
			productType = "com.apple.product-type.application";
		};
/* End PBXNativeTarget section */

/* Begin PBXProject section */
		696FDA112C740D5300A5761A /* Project object */ = {
			isa = PBXProject;
			attributes = {
				BuildIndependentTargetsInParallel = 1;
				LastSwiftUpdateCheck = 1540;
				LastUpgradeCheck = 1540;
				TargetAttributes = {
					696FDA182C740D5300A5761A = {
						CreatedOnToolsVersion = 15.4;
					};
				};
			};
			buildConfigurationList = 696FDA142C740D5300A5761A /* Build configuration list for PBXProject "TestWeatherApp" */;
			compatibilityVersion = "Xcode 14.0";
			developmentRegion = en;
			hasScannedForEncodings = 0;
			knownRegions = (
				en,
				Base,
			);
			mainGroup = 696FDA102C740D5300A5761A;
			packageReferences = (
			);
			productRefGroup = 696FDA1A2C740D5300A5761A /* Products */;
			projectDirPath = "";
			projectRoot = "";
			targets = (
				696FDA182C740D5300A5761A /* TestWeatherApp */,
			);
		};
/* End PBXProject section */

/* Begin PBXResourcesBuildPhase section */
		696FDA172C740D5300A5761A /* Resources */ = {
			isa = PBXResourcesBuildPhase;
			buildActionMask = 2147483647;
			files = (
				696FDA242C740D5500A5761A /* Preview Assets.xcassets in Resources */,
				696FDA3D2C7441E500A5761A /* SampleData in Resources */,
				697DA9AC2C7CECF500BF071C /* clientSecret.json in Resources */,
				696FDA212C740D5500A5761A /* Assets.xcassets in Resources */,
			);
			runOnlyForDeploymentPostprocessing = 0;
		};
/* End PBXResourcesBuildPhase section */

/* Begin PBXSourcesBuildPhase section */
		696FDA152C740D5300A5761A /* Sources */ = {
			isa = PBXSourcesBuildPhase;
			buildActionMask = 2147483647;
			files = (
				696FDA372C74405200A5761A /* SecondTierView.swift in Sources */,
				696FDA1F2C740D5300A5761A /* WeatherContainerView.swift in Sources */,
				696FDA5E2C7775CC00A5761A /* SettingsModal.swift in Sources */,
				696FDA1D2C740D5300A5761A /* TestWeatherAppApp.swift in Sources */,
				696FDA2F2C741C0200A5761A /* TopTierView.swift in Sources */,
				696FDA432C74494800A5761A /* WeatherDetailsViewComponent.swift in Sources */,
				696FDA332C742CA700A5761A /* WeatherUtility.swift in Sources */,
				696FDA392C74413900A5761A /* SampleDataModel.swift in Sources */,
				696FDA5B2C76EE1500A5761A /* SettingsTierView.swift in Sources */,
				696FDA592C76E9AA00A5761A /* DataParserModel.swift in Sources */,
				696FDA412C7443E900A5761A /* Utilities+EXT.swift in Sources */,
				696FDA522C7679B800A5761A /* IconGrabberView.swift in Sources */,
				696FDA312C74278900A5761A /* TransitioningView.swift in Sources */,
				696FDA2C2C74185A00A5761A /* LocationRouter.swift in Sources */,
				696FDA4C2C75176700A5761A /* SearchToolView.swift in Sources */,
			);
			runOnlyForDeploymentPostprocessing = 0;
		};
/* End PBXSourcesBuildPhase section */

/* Begin XCBuildConfiguration section */
		696FDA252C740D5500A5761A /* Debug */ = {
			isa = XCBuildConfiguration;
			buildSettings = {
				ALWAYS_SEARCH_USER_PATHS = NO;
				ASSETCATALOG_COMPILER_GENERATE_SWIFT_ASSET_SYMBOL_EXTENSIONS = YES;
				CLANG_ANALYZER_NONNULL = YES;
				CLANG_ANALYZER_NUMBER_OBJECT_CONVERSION = YES_AGGRESSIVE;
				CLANG_CXX_LANGUAGE_STANDARD = "gnu++20";
				CLANG_ENABLE_MODULES = YES;
				CLANG_ENABLE_OBJC_ARC = YES;
				CLANG_ENABLE_OBJC_WEAK = YES;
				CLANG_WARN_BLOCK_CAPTURE_AUTORELEASING = YES;
				CLANG_WARN_BOOL_CONVERSION = YES;
				CLANG_WARN_COMMA = YES;
				CLANG_WARN_CONSTANT_CONVERSION = YES;
				CLANG_WARN_DEPRECATED_OBJC_IMPLEMENTATIONS = YES;
				CLANG_WARN_DIRECT_OBJC_ISA_USAGE = YES_ERROR;
				CLANG_WARN_DOCUMENTATION_COMMENTS = YES;
				CLANG_WARN_EMPTY_BODY = YES;
				CLANG_WARN_ENUM_CONVERSION = YES;
				CLANG_WARN_INFINITE_RECURSION = YES;
				CLANG_WARN_INT_CONVERSION = YES;
				CLANG_WARN_NON_LITERAL_NULL_CONVERSION = YES;
				CLANG_WARN_OBJC_IMPLICIT_RETAIN_SELF = YES;
				CLANG_WARN_OBJC_LITERAL_CONVERSION = YES;
				CLANG_WARN_OBJC_ROOT_CLASS = YES_ERROR;
				CLANG_WARN_QUOTED_INCLUDE_IN_FRAMEWORK_HEADER = YES;
				CLANG_WARN_RANGE_LOOP_ANALYSIS = YES;
				CLANG_WARN_STRICT_PROTOTYPES = YES;
				CLANG_WARN_SUSPICIOUS_MOVE = YES;
				CLANG_WARN_UNGUARDED_AVAILABILITY = YES_AGGRESSIVE;
				CLANG_WARN_UNREACHABLE_CODE = YES;
				CLANG_WARN__DUPLICATE_METHOD_MATCH = YES;
				COPY_PHASE_STRIP = NO;
				DEBUG_INFORMATION_FORMAT = dwarf;
				ENABLE_STRICT_OBJC_MSGSEND = YES;
				ENABLE_TESTABILITY = YES;
				ENABLE_USER_SCRIPT_SANDBOXING = YES;
				GCC_C_LANGUAGE_STANDARD = gnu17;
				GCC_DYNAMIC_NO_PIC = NO;
				GCC_NO_COMMON_BLOCKS = YES;
				GCC_OPTIMIZATION_LEVEL = 0;
				GCC_PREPROCESSOR_DEFINITIONS = (
					"DEBUG=1",
					"$(inherited)",
				);
				GCC_WARN_64_TO_32_BIT_CONVERSION = YES;
				GCC_WARN_ABOUT_RETURN_TYPE = YES_ERROR;
				GCC_WARN_UNDECLARED_SELECTOR = YES;
				GCC_WARN_UNINITIALIZED_AUTOS = YES_AGGRESSIVE;
				GCC_WARN_UNUSED_FUNCTION = YES;
				GCC_WARN_UNUSED_VARIABLE = YES;
				IPHONEOS_DEPLOYMENT_TARGET = 17.0;
				LOCALIZATION_PREFERS_STRING_CATALOGS = YES;
				MTL_ENABLE_DEBUG_INFO = INCLUDE_SOURCE;
				MTL_FAST_MATH = YES;
				ONLY_ACTIVE_ARCH = YES;
				SDKROOT = iphoneos;
				SWIFT_ACTIVE_COMPILATION_CONDITIONS = "DEBUG $(inherited)";
				SWIFT_OPTIMIZATION_LEVEL = "-Onone";
			};
			name = Debug;
		};
		696FDA262C740D5500A5761A /* Release */ = {
			isa = XCBuildConfiguration;
			buildSettings = {
				ALWAYS_SEARCH_USER_PATHS = NO;
				ASSETCATALOG_COMPILER_GENERATE_SWIFT_ASSET_SYMBOL_EXTENSIONS = YES;
				CLANG_ANALYZER_NONNULL = YES;
				CLANG_ANALYZER_NUMBER_OBJECT_CONVERSION = YES_AGGRESSIVE;
				CLANG_CXX_LANGUAGE_STANDARD = "gnu++20";
				CLANG_ENABLE_MODULES = YES;
				CLANG_ENABLE_OBJC_ARC = YES;
				CLANG_ENABLE_OBJC_WEAK = YES;
				CLANG_WARN_BLOCK_CAPTURE_AUTORELEASING = YES;
				CLANG_WARN_BOOL_CONVERSION = YES;
				CLANG_WARN_COMMA = YES;
				CLANG_WARN_CONSTANT_CONVERSION = YES;
				CLANG_WARN_DEPRECATED_OBJC_IMPLEMENTATIONS = YES;
				CLANG_WARN_DIRECT_OBJC_ISA_USAGE = YES_ERROR;
				CLANG_WARN_DOCUMENTATION_COMMENTS = YES;
				CLANG_WARN_EMPTY_BODY = YES;
				CLANG_WARN_ENUM_CONVERSION = YES;
				CLANG_WARN_INFINITE_RECURSION = YES;
				CLANG_WARN_INT_CONVERSION = YES;
				CLANG_WARN_NON_LITERAL_NULL_CONVERSION = YES;
				CLANG_WARN_OBJC_IMPLICIT_RETAIN_SELF = YES;
				CLANG_WARN_OBJC_LITERAL_CONVERSION = YES;
				CLANG_WARN_OBJC_ROOT_CLASS = YES_ERROR;
				CLANG_WARN_QUOTED_INCLUDE_IN_FRAMEWORK_HEADER = YES;
				CLANG_WARN_RANGE_LOOP_ANALYSIS = YES;
				CLANG_WARN_STRICT_PROTOTYPES = YES;
				CLANG_WARN_SUSPICIOUS_MOVE = YES;
				CLANG_WARN_UNGUARDED_AVAILABILITY = YES_AGGRESSIVE;
				CLANG_WARN_UNREACHABLE_CODE = YES;
				CLANG_WARN__DUPLICATE_METHOD_MATCH = YES;
				COPY_PHASE_STRIP = NO;
				DEBUG_INFORMATION_FORMAT = "dwarf-with-dsym";
				ENABLE_NS_ASSERTIONS = NO;
				ENABLE_STRICT_OBJC_MSGSEND = YES;
				ENABLE_USER_SCRIPT_SANDBOXING = YES;
				GCC_C_LANGUAGE_STANDARD = gnu17;
				GCC_NO_COMMON_BLOCKS = YES;
				GCC_WARN_64_TO_32_BIT_CONVERSION = YES;
				GCC_WARN_ABOUT_RETURN_TYPE = YES_ERROR;
				GCC_WARN_UNDECLARED_SELECTOR = YES;
				GCC_WARN_UNINITIALIZED_AUTOS = YES_AGGRESSIVE;
				GCC_WARN_UNUSED_FUNCTION = YES;
				GCC_WARN_UNUSED_VARIABLE = YES;
				IPHONEOS_DEPLOYMENT_TARGET = 17.0;
				LOCALIZATION_PREFERS_STRING_CATALOGS = YES;
				MTL_ENABLE_DEBUG_INFO = NO;
				MTL_FAST_MATH = YES;
				SDKROOT = iphoneos;
				SWIFT_COMPILATION_MODE = wholemodule;
				VALIDATE_PRODUCT = YES;
			};
			name = Release;
		};
		696FDA282C740D5500A5761A /* Debug */ = {
			isa = XCBuildConfiguration;
			buildSettings = {
				ASSETCATALOG_COMPILER_APPICON_NAME = AppIcon;
				ASSETCATALOG_COMPILER_GLOBAL_ACCENT_COLOR_NAME = AccentColor;
				CODE_SIGN_STYLE = Automatic;
				CURRENT_PROJECT_VERSION = 1;
				DEVELOPMENT_ASSET_PATHS = "\"TestWeatherApp/Preview Content\"";
				DEVELOPMENT_TEAM = J7Z4ZU43X9;
				ENABLE_PREVIEWS = YES;
				GENERATE_INFOPLIST_FILE = YES;
				INFOPLIST_FILE = TestWeatherApp/Info.plist;
				INFOPLIST_KEY_CFBundleDisplayName = "";
				INFOPLIST_KEY_LSApplicationCategoryType = "public.app-category.weather";
				INFOPLIST_KEY_NSLocationAlwaysUsageDescription = "We need your location to provide accurate weather updates even when the app is in the background.";
				INFOPLIST_KEY_NSLocationWhenInUseUsageDescription = "We need your location to provide accurate weather updates";
				INFOPLIST_KEY_UIApplicationSupportsIndirectInputEvents = YES;
				INFOPLIST_KEY_UILaunchScreen_Generation = YES;
				INFOPLIST_KEY_UISupportedInterfaceOrientations_iPad = "UIInterfaceOrientationPortrait UIInterfaceOrientationPortraitUpsideDown UIInterfaceOrientationLandscapeLeft UIInterfaceOrientationLandscapeRight";
				INFOPLIST_KEY_UISupportedInterfaceOrientations_iPhone = "UIInterfaceOrientationPortrait UIInterfaceOrientationLandscapeLeft UIInterfaceOrientationLandscapeRight";
				IPHONEOS_DEPLOYMENT_TARGET = 17.0;
				LD_RUNPATH_SEARCH_PATHS = (
					"$(inherited)",
					"@executable_path/Frameworks",
				);
				MARKETING_VERSION = 1.0;
				PRODUCT_BUNDLE_IDENTIFIER = karthikYalamanchili.TestWeatherApp;
				PRODUCT_NAME = "$(TARGET_NAME)";
				SWIFT_EMIT_LOC_STRINGS = YES;
				SWIFT_VERSION = 5.0;
				TARGETED_DEVICE_FAMILY = "1,2";
			};
			name = Debug;
		};
		696FDA292C740D5500A5761A /* Release */ = {
			isa = XCBuildConfiguration;
			buildSettings = {
				ASSETCATALOG_COMPILER_APPICON_NAME = AppIcon;
				ASSETCATALOG_COMPILER_GLOBAL_ACCENT_COLOR_NAME = AccentColor;
				CODE_SIGN_STYLE = Automatic;
				CURRENT_PROJECT_VERSION = 1;
				DEVELOPMENT_ASSET_PATHS = "\"TestWeatherApp/Preview Content\"";
				DEVELOPMENT_TEAM = J7Z4ZU43X9;
				ENABLE_PREVIEWS = YES;
				GENERATE_INFOPLIST_FILE = YES;
				INFOPLIST_FILE = TestWeatherApp/Info.plist;
				INFOPLIST_KEY_CFBundleDisplayName = "";
				INFOPLIST_KEY_LSApplicationCategoryType = "public.app-category.weather";
				INFOPLIST_KEY_NSLocationAlwaysUsageDescription = "We need your location to provide accurate weather updates even when the app is in the background.";
				INFOPLIST_KEY_NSLocationWhenInUseUsageDescription = "We need your location to provide accurate weather updates";
				INFOPLIST_KEY_UIApplicationSupportsIndirectInputEvents = YES;
				INFOPLIST_KEY_UILaunchScreen_Generation = YES;
				INFOPLIST_KEY_UISupportedInterfaceOrientations_iPad = "UIInterfaceOrientationPortrait UIInterfaceOrientationPortraitUpsideDown UIInterfaceOrientationLandscapeLeft UIInterfaceOrientationLandscapeRight";
				INFOPLIST_KEY_UISupportedInterfaceOrientations_iPhone = "UIInterfaceOrientationPortrait UIInterfaceOrientationLandscapeLeft UIInterfaceOrientationLandscapeRight";
				IPHONEOS_DEPLOYMENT_TARGET = 17.0;
				LD_RUNPATH_SEARCH_PATHS = (
					"$(inherited)",
					"@executable_path/Frameworks",
				);
				MARKETING_VERSION = 1.0;
				PRODUCT_BUNDLE_IDENTIFIER = karthikYalamanchili.TestWeatherApp;
				PRODUCT_NAME = "$(TARGET_NAME)";
				SWIFT_EMIT_LOC_STRINGS = YES;
				SWIFT_VERSION = 5.0;
				TARGETED_DEVICE_FAMILY = "1,2";
			};
			name = Release;
		};
/* End XCBuildConfiguration section */

/* Begin XCConfigurationList section */
		696FDA142C740D5300A5761A /* Build configuration list for PBXProject "TestWeatherApp" */ = {
			isa = XCConfigurationList;
			buildConfigurations = (
				696FDA252C740D5500A5761A /* Debug */,
				696FDA262C740D5500A5761A /* Release */,
			);
			defaultConfigurationIsVisible = 0;
			defaultConfigurationName = Release;
		};
		696FDA272C740D5500A5761A /* Build configuration list for PBXNativeTarget "TestWeatherApp" */ = {
			isa = XCConfigurationList;
			buildConfigurations = (
				696FDA282C740D5500A5761A /* Debug */,
				696FDA292C740D5500A5761A /* Release */,
			);
			defaultConfigurationIsVisible = 0;
			defaultConfigurationName = Release;
		};
/* End XCConfigurationList section */
	};
	rootObject = 696FDA112C740D5300A5761A /* Project object */;
}
